
Microsoft Visual Studio Solution File, Format Version 12.00
# Visual Studio Version 17
VisualStudioVersion = 17.0.31903.59
MinimumVisualStudioVersion = 10.0.40219.1
Project("{FAE04EC0-301F-11D3-BF4B-00C04F79EFBC}") = "Desktop381", "Desktop381\Desktop381.csproj", "{A8AFF547-57D0-44C3-A6CE-23860F2D638E}"
EndProject
Project("{FAE04EC0-301F-11D3-BF4B-00C04F79EFBC}") = "Desktop38", "Desktop38\Desktop38.csproj", "{3E97F549-0D4F-4A53-B863-81AAFE51B6DB}"
EndProject
Global
	GlobalSection(SolutionConfigurationPlatforms) = preSolution
		Debug|Any CPU = Debug|Any CPU
		Release|Any CPU = Release|Any CPU
	EndGlobalSection
	GlobalSection(SolutionProperties) = preSolution
		HideSolutionNode = FALSE
	EndGlobalSection
	GlobalSection(ProjectConfigurationPlatforms) = postSolution
		{A8AFF547-57D0-44C3-A6CE-23860F2D638E}.Debug|Any CPU.ActiveCfg = Debug|Any CPU
		{A8AFF547-57D0-44C3-A6CE-23860F2D638E}.Debug|Any CPU.Build.0 = Debug|Any CPU
		{A8AFF547-57D0-44C3-A6CE-23860F2D638E}.Release|Any CPU.ActiveCfg = Release|Any CPU
		{A8AFF547-57D0-44C3-A6CE-23860F2D638E}.Release|Any CPU.Build.0 = Release|Any CPU
		{3E97F549-0D4F-4A53-B863-81AAFE51B6DB}.Debug|Any CPU.ActiveCfg = Debug|Any CPU
		{3E97F549-0D4F-4A53-B863-81AAFE51B6DB}.Debug|Any CPU.Build.0 = Debug|Any CPU
		{3E97F549-0D4F-4A53-B863-81AAFE51B6DB}.Release|Any CPU.ActiveCfg = Release|Any CPU
		{3E97F549-0D4F-4A53-B863-81AAFE51B6DB}.Release|Any CPU.Build.0 = Release|Any CPU
	EndGlobalSection
EndGlobal
